
Microsoft Visual Studio Solution File, Format Version 12.00
# Visual Studio Version 16
VisualStudioVersion = 16.0.31829.152
MinimumVisualStudioVersion = 10.0.40219.1
Project("{FAE04EC0-301F-11D3-BF4B-00C04F79EFBC}") = "Coursed", "Coursed\Coursed.csproj", "{B913ECE6-42CD-4867-979B-6773A81C0255}"
EndProject
Global
	GlobalSection(SolutionConfigurationPlatforms) = preSolution
		Debug|Any CPU = Debug|Any CPU
		Release|Any CPU = Release|Any CPU
	EndGlobalSection
	GlobalSection(ProjectConfigurationPlatforms) = postSolution
		{B913ECE6-42CD-4867-979B-6773A81C0255}.Debug|Any CPU.ActiveCfg = Debug|Any CPU
		{B913ECE6-42CD-4867-979B-6773A81C0255}.Debug|Any CPU.Build.0 = Debug|Any CPU
		{B913ECE6-42CD-4867-979B-6773A81C0255}.Release|Any CPU.ActiveCfg = Release|Any CPU
		{B913ECE6-42CD-4867-979B-6773A81C0255}.Release|Any CPU.Build.0 = Release|Any CPU
	EndGlobalSection
	GlobalSection(SolutionProperties) = preSolution
		HideSolutionNode = FALSE
	EndGlobalSection
	GlobalSection(ExtensibilityGlobals) = postSolution
		SolutionGuid = {B3FA78FA-FCC1-4396-93AA-135DF730F2FA}
	EndGlobalSection
EndGlobal
